
Microsoft Visual Studio Solution File, Format Version 12.00
# Visual Studio 16
Project("{FAE04EC0-301F-11D3-BF4B-00C04F79EFBC}") = "PhotonUnityNetworking.Demos", "PhotonUnityNetworking.Demos.csproj", "{7E1D8EF2-8D40-D44F-0AB4-A6C0FBF44C90}"
EndProject
Project("{FAE04EC0-301F-11D3-BF4B-00C04F79EFBC}") = "PhotonUnityNetworking.Utilities", "PhotonUnityNetworking.Utilities.csproj", "{B1BB9623-770F-48C0-8A51-AAEC386EEF36}"
EndProject
Project("{FAE04EC0-301F-11D3-BF4B-00C04F79EFBC}") = "PhotonChat", "PhotonChat.csproj", "{11DFBADD-1296-2740-7058-EF2290405AF5}"
EndProject
Project("{FAE04EC0-301F-11D3-BF4B-00C04F79EFBC}") = "PhotonUnityNetworking", "PhotonUnityNetworking.csproj", "{48AF24A1-32E2-241E-81F6-B0846004C444}"
EndProject
Project("{FAE04EC0-301F-11D3-BF4B-00C04F79EFBC}") = "Assembly-CSharp", "Assembly-CSharp.csproj", "{C471FE6C-EF9A-D93D-505E-F3477042F80A}"
EndProject
Project("{FAE04EC0-301F-11D3-BF4B-00C04F79EFBC}") = "PhotonRealtime", "PhotonRealtime.csproj", "{93F775A7-21C9-1D66-BD5E-A3E93DFA0C2C}"
EndProject
Project("{FAE04EC0-301F-11D3-BF4B-00C04F79EFBC}") = "PhotonWebSocket", "PhotonWebSocket.csproj", "{CF86AF88-E2EA-069A-67A1-3D69EA91441B}"
EndProject
Project("{FAE04EC0-301F-11D3-BF4B-00C04F79EFBC}") = "PhotonUnityNetworking.Editor", "PhotonUnityNetworking.Editor.csproj", "{EEF88DC1-8645-9F02-0FA7-499F35ACFFA2}"
EndProject
Project("{FAE04EC0-301F-11D3-BF4B-00C04F79EFBC}") = "Assembly-CSharp-Editor", "Assembly-CSharp-Editor.csproj", "{07EC76CD-735C-23C4-01C3-51131806671D}"
EndProject
Project("{FAE04EC0-301F-11D3-BF4B-00C04F79EFBC}") = "PunDemos.DemoHubEditor", "PunDemos.DemoHubEditor.csproj", "{20CA4F02-7DD6-9328-A577-9E7C9670E6A2}"
EndProject
Project("{FAE04EC0-301F-11D3-BF4B-00C04F79EFBC}") = "PhotonUnityNetworking.Utilities.PhotonPlayer.Editor", "PhotonUnityNetworking.Utilities.PhotonPlayer.Editor.csproj", "{6D90DD41-105E-7ABD-BE16-AD23933C89F7}"
EndProject
Project("{FAE04EC0-301F-11D3-BF4B-00C04F79EFBC}") = "PhotonUnityNetworking.Utilities.Culling.Editor", "PhotonUnityNetworking.Utilities.Culling.Editor.csproj", "{8FEE833C-9D96-65F7-E860-BE30058CA3D2}"
EndProject
Project("{FAE04EC0-301F-11D3-BF4B-00C04F79EFBC}") = "PunDemos.DemoSlotcarEditor", "PunDemos.DemoSlotcarEditor.csproj", "{940D82EE-CED9-84AD-5E14-FFDA2D641F44}"
EndProject
Global
	GlobalSection(SolutionConfigurationPlatforms) = preSolution
		Debug|Any CPU = Debug|Any CPU
		Release|Any CPU = Release|Any CPU
	EndGlobalSection
	GlobalSection(ProjectConfigurationPlatforms) = postSolution
		{7E1D8EF2-8D40-D44F-0AB4-A6C0FBF44C90}.Debug|Any CPU.ActiveCfg = Debug|Any CPU
		{7E1D8EF2-8D40-D44F-0AB4-A6C0FBF44C90}.Debug|Any CPU.Build.0 = Debug|Any CPU
		{7E1D8EF2-8D40-D44F-0AB4-A6C0FBF44C90}.Release|Any CPU.ActiveCfg = Release|Any CPU
		{7E1D8EF2-8D40-D44F-0AB4-A6C0FBF44C90}.Release|Any CPU.Build.0 = Release|Any CPU
		{B1BB9623-770F-48C0-8A51-AAEC386EEF36}.Debug|Any CPU.ActiveCfg = Debug|Any CPU
		{B1BB9623-770F-48C0-8A51-AAEC386EEF36}.Debug|Any CPU.Build.0 = Debug|Any CPU
		{B1BB9623-770F-48C0-8A51-AAEC386EEF36}.Release|Any CPU.ActiveCfg = Release|Any CPU
		{B1BB9623-770F-48C0-8A51-AAEC386EEF36}.Release|Any CPU.Build.0 = Release|Any CPU
		{11DFBADD-1296-2740-7058-EF2290405AF5}.Debug|Any CPU.ActiveCfg = Debug|Any CPU
		{11DFBADD-1296-2740-7058-EF2290405AF5}.Debug|Any CPU.Build.0 = Debug|Any CPU
		{11DFBADD-1296-2740-7058-EF2290405AF5}.Release|Any CPU.ActiveCfg = Release|Any CPU
		{11DFBADD-1296-2740-7058-EF2290405AF5}.Release|Any CPU.Build.0 = Release|Any CPU
		{48AF24A1-32E2-241E-81F6-B0846004C444}.Debug|Any CPU.ActiveCfg = Debug|Any CPU
		{48AF24A1-32E2-241E-81F6-B0846004C444}.Debug|Any CPU.Build.0 = Debug|Any CPU
		{48AF24A1-32E2-241E-81F6-B0846004C444}.Release|Any CPU.ActiveCfg = Release|Any CPU
		{48AF24A1-32E2-241E-81F6-B0846004C444}.Release|Any CPU.Build.0 = Release|Any CPU
		{C471FE6C-EF9A-D93D-505E-F3477042F80A}.Debug|Any CPU.ActiveCfg = Debug|Any CPU
		{C471FE6C-EF9A-D93D-505E-F3477042F80A}.Debug|Any CPU.Build.0 = Debug|Any CPU
		{C471FE6C-EF9A-D93D-505E-F3477042F80A}.Release|Any CPU.ActiveCfg = Release|Any CPU
		{C471FE6C-EF9A-D93D-505E-F3477042F80A}.Release|Any CPU.Build.0 = Release|Any CPU
		{93F775A7-21C9-1D66-BD5E-A3E93DFA0C2C}.Debug|Any CPU.ActiveCfg = Debug|Any CPU
		{93F775A7-21C9-1D66-BD5E-A3E93DFA0C2C}.Debug|Any CPU.Build.0 = Debug|Any CPU
		{93F775A7-21C9-1D66-BD5E-A3E93DFA0C2C}.Release|Any CPU.ActiveCfg = Release|Any CPU
		{93F775A7-21C9-1D66-BD5E-A3E93DFA0C2C}.Release|Any CPU.Build.0 = Release|Any CPU
		{CF86AF88-E2EA-069A-67A1-3D69EA91441B}.Debug|Any CPU.ActiveCfg = Debug|Any CPU
		{CF86AF88-E2EA-069A-67A1-3D69EA91441B}.Debug|Any CPU.Build.0 = Debug|Any CPU
		{CF86AF88-E2EA-069A-67A1-3D69EA91441B}.Release|Any CPU.ActiveCfg = Release|Any CPU
		{CF86AF88-E2EA-069A-67A1-3D69EA91441B}.Release|Any CPU.Build.0 = Release|Any CPU
		{EEF88DC1-8645-9F02-0FA7-499F35ACFFA2}.Debug|Any CPU.ActiveCfg = Debug|Any CPU
		{EEF88DC1-8645-9F02-0FA7-499F35ACFFA2}.Debug|Any CPU.Build.0 = Debug|Any CPU
		{EEF88DC1-8645-9F02-0FA7-499F35ACFFA2}.Release|Any CPU.ActiveCfg = Release|Any CPU
		{EEF88DC1-8645-9F02-0FA7-499F35ACFFA2}.Release|Any CPU.Build.0 = Release|Any CPU
		{07EC76CD-735C-23C4-01C3-51131806671D}.Debug|Any CPU.ActiveCfg = Debug|Any CPU
		{07EC76CD-735C-23C4-01C3-51131806671D}.Debug|Any CPU.Build.0 = Debug|Any CPU
		{07EC76CD-735C-23C4-01C3-51131806671D}.Release|Any CPU.ActiveCfg = Release|Any CPU
		{07EC76CD-735C-23C4-01C3-51131806671D}.Release|Any CPU.Build.0 = Release|Any CPU
		{20CA4F02-7DD6-9328-A577-9E7C9670E6A2}.Debug|Any CPU.ActiveCfg = Debug|Any CPU
		{20CA4F02-7DD6-9328-A577-9E7C9670E6A2}.Debug|Any CPU.Build.0 = Debug|Any CPU
		{20CA4F02-7DD6-9328-A577-9E7C9670E6A2}.Release|Any CPU.ActiveCfg = Release|Any CPU
		{20CA4F02-7DD6-9328-A577-9E7C9670E6A2}.Release|Any CPU.Build.0 = Release|Any CPU
		{6D90DD41-105E-7ABD-BE16-AD23933C89F7}.Debug|Any CPU.ActiveCfg = Debug|Any CPU
		{6D90DD41-105E-7ABD-BE16-AD23933C89F7}.Debug|Any CPU.Build.0 = Debug|Any CPU
		{6D90DD41-105E-7ABD-BE16-AD23933C89F7}.Release|Any CPU.ActiveCfg = Release|Any CPU
		{6D90DD41-105E-7ABD-BE16-AD23933C89F7}.Release|Any CPU.Build.0 = Release|Any CPU
		{8FEE833C-9D96-65F7-E860-BE30058CA3D2}.Debug|Any CPU.ActiveCfg = Debug|Any CPU
		{8FEE833C-9D96-65F7-E860-BE30058CA3D2}.Debug|Any CPU.Build.0 = Debug|Any CPU
		{8FEE833C-9D96-65F7-E860-BE30058CA3D2}.Release|Any CPU.ActiveCfg = Release|Any CPU
		{8FEE833C-9D96-65F7-E860-BE30058CA3D2}.Release|Any CPU.Build.0 = Release|Any CPU
		{940D82EE-CED9-84AD-5E14-FFDA2D641F44}.Debug|Any CPU.ActiveCfg = Debug|Any CPU
		{940D82EE-CED9-84AD-5E14-FFDA2D641F44}.Debug|Any CPU.Build.0 = Debug|Any CPU
		{940D82EE-CED9-84AD-5E14-FFDA2D641F44}.Release|Any CPU.ActiveCfg = Release|Any CPU
		{940D82EE-CED9-84AD-5E14-FFDA2D641F44}.Release|Any CPU.Build.0 = Release|Any CPU
	EndGlobalSection
	GlobalSection(SolutionProperties) = preSolution
		HideSolutionNode = FALSE
	EndGlobalSection
EndGlobal
